
Microsoft Visual Studio Solution File, Format Version 12.00
# Visual Studio Version 16
VisualStudioVersion = 16.0.28803.352
MinimumVisualStudioVersion = 10.0.40219.1
Project("{FAE04EC0-301F-11D3-BF4B-00C04F79EFBC}") = "ArmrAnalyzer", "ArmrAnalyzer\ArmrAnalyzer\ArmrAnalyzer.csproj", "{2035E7E3-D0E0-4566-A98E-836F30A0A915}"
EndProject
Project("{FAE04EC0-301F-11D3-BF4B-00C04F79EFBC}") = "ArmrAnalyzer.Vsix", "ArmrAnalyzer\ArmrAnalyzer.Vsix\ArmrAnalyzer.Vsix.csproj", "{4CCA0D51-0551-477F-B26C-7845F5838171}"
EndProject
Global
	GlobalSection(SolutionConfigurationPlatforms) = preSolution
		Debug|Any CPU = Debug|Any CPU
		Release|Any CPU = Release|Any CPU
	EndGlobalSection
	GlobalSection(ProjectConfigurationPlatforms) = postSolution
		{2035E7E3-D0E0-4566-A98E-836F30A0A915}.Debug|Any CPU.ActiveCfg = Debug|Any CPU
		{2035E7E3-D0E0-4566-A98E-836F30A0A915}.Debug|Any CPU.Build.0 = Debug|Any CPU
		{2035E7E3-D0E0-4566-A98E-836F30A0A915}.Release|Any CPU.ActiveCfg = Release|Any CPU
		{2035E7E3-D0E0-4566-A98E-836F30A0A915}.Release|Any CPU.Build.0 = Release|Any CPU
		{4CCA0D51-0551-477F-B26C-7845F5838171}.Debug|Any CPU.ActiveCfg = Debug|Any CPU
		{4CCA0D51-0551-477F-B26C-7845F5838171}.Debug|Any CPU.Build.0 = Debug|Any CPU
		{4CCA0D51-0551-477F-B26C-7845F5838171}.Release|Any CPU.ActiveCfg = Release|Any CPU
		{4CCA0D51-0551-477F-B26C-7845F5838171}.Release|Any CPU.Build.0 = Release|Any CPU
	EndGlobalSection
	GlobalSection(SolutionProperties) = preSolution
		HideSolutionNode = FALSE
	EndGlobalSection
	GlobalSection(ExtensibilityGlobals) = postSolution
		SolutionGuid = {4BA15CDB-71C5-4735-A525-6351E0BBC6A8}
	EndGlobalSection
EndGlobal
